{
  "name": "fake-data-generation-task",
  "version": "1.0.0",
  "lockfileVersion": 3,
  "requires": true,
  "packages": {
    "": {
      "name": "fake-data-generation-task",
      "version": "1.0.0",
      "license": "ISC",
      "devDependencies": {
        "@faker-js/faker": "^9.0.2"
      }
    },
    "node_modules/@faker-js/faker": {
      "version": "9.0.2",
      "resolved": "https://registry.npmjs.org/@faker-js/faker/-/faker-9.0.2.tgz",
      "integrity": "sha512-nI/FP30ZGXb+UaR7yXawVTH40NVKXPIx0tA3GKjkKLjorqBoMAeq4iSEacl8mJmpVhOCDa0vYHwYDmOOcFMrYw==",
      "dev": true,
      "funding": [
        {
          "type": "opencollective",
          "url": "https://opencollective.com/fakerjs"
        }
      ],
      "engines": {
        "node": ">=18.0.0",
        "npm": ">=9.0.0"
      }
    }
  }
}
